// !$*UTF8*$!
{
	archiveVersion = 1;
	classes = {
	};
	objectVersion = 50;
	objects = {

/* Begin PBXBuildFile section */
		F782FA29230D025900E4C1B4 /* archeryTracking.xcdatamodeld in Sources */ = {isa = PBXBuildFile; fileRef = F782FA27230D025900E4C1B4 /* archeryTracking.xcdatamodeld */; };
		F782FA36230D02B100E4C1B4 /* Assets.xcassets in Resources */ = {isa = PBXBuildFile; fileRef = F782FA35230D02B100E4C1B4 /* Assets.xcassets */; };
		F782FA39230D02D200E4C1B4 /* AppDelegate.swift in Sources */ = {isa = PBXBuildFile; fileRef = F782FA38230D02D200E4C1B4 /* AppDelegate.swift */; };
		F782FA3C230D030600E4C1B4 /* LaunchScreen.storyboard in Resources */ = {isa = PBXBuildFile; fileRef = F782FA3A230D030600E4C1B4 /* LaunchScreen.storyboard */; };
		F782FA3D230D030600E4C1B4 /* Main.storyboard in Resources */ = {isa = PBXBuildFile; fileRef = F782FA3B230D030600E4C1B4 /* Main.storyboard */; };
		F782FA43230D031400E4C1B4 /* UIImage+CVPixelBuffer.swift in Sources */ = {isa = PBXBuildFile; fileRef = F782FA3F230D031400E4C1B4 /* UIImage+CVPixelBuffer.swift */; };
		F782FA44230D031400E4C1B4 /* PredictedPoint.swift in Sources */ = {isa = PBXBuildFile; fileRef = F782FA40230D031400E4C1B4 /* PredictedPoint.swift */; };
		F782FA45230D031400E4C1B4 /* MovingAverageFilter.swift in Sources */ = {isa = PBXBuildFile; fileRef = F782FA41230D031400E4C1B4 /* MovingAverageFilter.swift */; };
		F782FA46230D031400E4C1B4 /* HeatmapPostProcessor.swift in Sources */ = {isa = PBXBuildFile; fileRef = F782FA42230D031400E4C1B4 /* HeatmapPostProcessor.swift */; };
		F782FA4B230D032500E4C1B4 /* DrawingHeatmapView.swift in Sources */ = {isa = PBXBuildFile; fileRef = F782FA48230D032500E4C1B4 /* DrawingHeatmapView.swift */; };
		F782FA4C230D032500E4C1B4 /* HeatmapViewController.swift in Sources */ = {isa = PBXBuildFile; fileRef = F782FA49230D032500E4C1B4 /* HeatmapViewController.swift */; };
		F782FA4D230D032500E4C1B4 /* HomeViewController.swift in Sources */ = {isa = PBXBuildFile; fileRef = F782FA4A230D032500E4C1B4 /* HomeViewController.swift */; };
		F782FA56230D033000E4C1B4 /* Measure.swift in Sources */ = {isa = PBXBuildFile; fileRef = F782FA4E230D033000E4C1B4 /* Measure.swift */; };
		F782FA57230D033000E4C1B4 /* model_hourglass.mlmodel in Sources */ = {isa = PBXBuildFile; fileRef = F782FA4F230D033000E4C1B4 /* model_hourglass.mlmodel */; };
		F782FA58230D033000E4C1B4 /* model_cpm.mlmodel in Sources */ = {isa = PBXBuildFile; fileRef = F782FA50230D033000E4C1B4 /* model_cpm.mlmodel */; };
		F782FA59230D033000E4C1B4 /* PoseMatchingViewController.swift in Sources */ = {isa = PBXBuildFile; fileRef = F782FA52230D033000E4C1B4 /* PoseMatchingViewController.swift */; };
		F782FA5A230D033000E4C1B4 /* DrawingJointView.swift in Sources */ = {isa = PBXBuildFile; fileRef = F782FA54230D033000E4C1B4 /* DrawingJointView.swift */; };
		F782FA5B230D033000E4C1B4 /* JointViewController.swift in Sources */ = {isa = PBXBuildFile; fileRef = F782FA55230D033000E4C1B4 /* JointViewController.swift */; };
		F782FA61230D033C00E4C1B4 /* VideoCapture.swift in Sources */ = {isa = PBXBuildFile; fileRef = F782FA5C230D033B00E4C1B4 /* VideoCapture.swift */; };
		F782FA62230D033C00E4C1B4 /* TipsViewController.swift in Sources */ = {isa = PBXBuildFile; fileRef = F782FA5D230D033B00E4C1B4 /* TipsViewController.swift */; };
		F782FA63230D033C00E4C1B4 /* SetDistanceViewController.swift in Sources */ = {isa = PBXBuildFile; fileRef = F782FA5E230D033C00E4C1B4 /* SetDistanceViewController.swift */; };
		F782FA64230D033C00E4C1B4 /* StillImageHeatmapViewController.swift in Sources */ = {isa = PBXBuildFile; fileRef = F782FA60230D033C00E4C1B4 /* StillImageHeatmapViewController.swift */; };
/* End PBXBuildFile section */

/* Begin PBXFileReference section */
		F782FA1D230D025900E4C1B4 /* archy.app */ = {isa = PBXFileReference; explicitFileType = wrapper.application; includeInIndex = 0; path = archy.app; sourceTree = BUILT_PRODUCTS_DIR; };
		F782FA28230D025900E4C1B4 /* archeryTracking.xcdatamodel */ = {isa = PBXFileReference; lastKnownFileType = wrapper.xcdatamodel; path = archeryTracking.xcdatamodel; sourceTree = "<group>"; };
		F782FA2F230D025A00E4C1B4 /* Info.plist */ = {isa = PBXFileReference; lastKnownFileType = text.plist.xml; path = Info.plist; sourceTree = "<group>"; };
		F782FA35230D02B100E4C1B4 /* Assets.xcassets */ = {isa = PBXFileReference; lastKnownFileType = folder.assetcatalog; path = Assets.xcassets; sourceTree = "<group>"; };
		F782FA38230D02D200E4C1B4 /* AppDelegate.swift */ = {isa = PBXFileReference; fileEncoding = 4; lastKnownFileType = sourcecode.swift; path = AppDelegate.swift; sourceTree = "<group>"; };
		F782FA3A230D030600E4C1B4 /* LaunchScreen.storyboard */ = {isa = PBXFileReference; fileEncoding = 4; lastKnownFileType = file.storyboard; path = LaunchScreen.storyboard; sourceTree = "<group>"; };
		F782FA3B230D030600E4C1B4 /* Main.storyboard */ = {isa = PBXFileReference; fileEncoding = 4; lastKnownFileType = file.storyboard; path = Main.storyboard; sourceTree = "<group>"; };
		F782FA3F230D031400E4C1B4 /* UIImage+CVPixelBuffer.swift */ = {isa = PBXFileReference; fileEncoding = 4; lastKnownFileType = sourcecode.swift; path = "UIImage+CVPixelBuffer.swift"; sourceTree = "<group>"; };
		F782FA40230D031400E4C1B4 /* PredictedPoint.swift */ = {isa = PBXFileReference; fileEncoding = 4; lastKnownFileType = sourcecode.swift; path = PredictedPoint.swift; sourceTree = "<group>"; };
		F782FA41230D031400E4C1B4 /* MovingAverageFilter.swift */ = {isa = PBXFileReference; fileEncoding = 4; lastKnownFileType = sourcecode.swift; path = MovingAverageFilter.swift; sourceTree = "<group>"; };
		F782FA42230D031400E4C1B4 /* HeatmapPostProcessor.swift */ = {isa = PBXFileReference; fileEncoding = 4; lastKnownFileType = sourcecode.swift; path = HeatmapPostProcessor.swift; sourceTree = "<group>"; };
		F782FA48230D032500E4C1B4 /* DrawingHeatmapView.swift */ = {isa = PBXFileReference; fileEncoding = 4; lastKnownFileType = sourcecode.swift; path = DrawingHeatmapView.swift; sourceTree = "<group>"; };
		F782FA49230D032500E4C1B4 /* HeatmapViewController.swift */ = {isa = PBXFileReference; fileEncoding = 4; lastKnownFileType = sourcecode.swift; path = HeatmapViewController.swift; sourceTree = "<group>"; };
		F782FA4A230D032500E4C1B4 /* HomeViewController.swift */ = {isa = PBXFileReference; fileEncoding = 4; lastKnownFileType = sourcecode.swift; path = HomeViewController.swift; sourceTree = "<group>"; };
		F782FA4E230D033000E4C1B4 /* Measure.swift */ = {isa = PBXFileReference; fileEncoding = 4; lastKnownFileType = sourcecode.swift; path = Measure.swift; sourceTree = "<group>"; };
		F782FA4F230D033000E4C1B4 /* model_hourglass.mlmodel */ = {isa = PBXFileReference; lastKnownFileType = file.mlmodel; path = model_hourglass.mlmodel; sourceTree = "<group>"; };
		F782FA50230D033000E4C1B4 /* model_cpm.mlmodel */ = {isa = PBXFileReference; lastKnownFileType = file.mlmodel; path = model_cpm.mlmodel; sourceTree = "<group>"; };
		F782FA52230D033000E4C1B4 /* PoseMatchingViewController.swift */ = {isa = PBXFileReference; fileEncoding = 4; lastKnownFileType = sourcecode.swift; path = PoseMatchingViewController.swift; sourceTree = "<group>"; };
		F782FA54230D033000E4C1B4 /* DrawingJointView.swift */ = {isa = PBXFileReference; fileEncoding = 4; lastKnownFileType = sourcecode.swift; path = DrawingJointView.swift; sourceTree = "<group>"; };
		F782FA55230D033000E4C1B4 /* JointViewController.swift */ = {isa = PBXFileReference; fileEncoding = 4; lastKnownFileType = sourcecode.swift; path = JointViewController.swift; sourceTree = "<group>"; };
		F782FA5C230D033B00E4C1B4 /* VideoCapture.swift */ = {isa = PBXFileReference; fileEncoding = 4; lastKnownFileType = sourcecode.swift; path = VideoCapture.swift; sourceTree = "<group>"; };
		F782FA5D230D033B00E4C1B4 /* TipsViewController.swift */ = {isa = PBXFileReference; fileEncoding = 4; lastKnownFileType = sourcecode.swift; path = TipsViewController.swift; sourceTree = "<group>"; };
		F782FA5E230D033C00E4C1B4 /* SetDistanceViewController.swift */ = {isa = PBXFileReference; fileEncoding = 4; lastKnownFileType = sourcecode.swift; path = SetDistanceViewController.swift; sourceTree = "<group>"; };
		F782FA60230D033C00E4C1B4 /* StillImageHeatmapViewController.swift */ = {isa = PBXFileReference; fileEncoding = 4; lastKnownFileType = sourcecode.swift; path = StillImageHeatmapViewController.swift; sourceTree = "<group>"; };
/* End PBXFileReference section */

/* Begin PBXFrameworksBuildPhase section */
		F782FA1A230D025900E4C1B4 /* Frameworks */ = {
			isa = PBXFrameworksBuildPhase;
			buildActionMask = 2147483647;
			files = (
			);
			runOnlyForDeploymentPostprocessing = 0;
		};
/* End PBXFrameworksBuildPhase section */

/* Begin PBXGroup section */
		2DED98DC230D1EE200FAF418 /* Practice */ = {
			isa = PBXGroup;
			children = (
				2DED98DE230D201600FAF418 /* Support Files */,
				2DED98DD230D1FF600FAF418 /* Model */,
				2DED98DF230D206900FAF418 /* Start Practice */,
				2DED98E0230D20BB00FAF418 /* Target Distance */,
				2DED98E1230D20CA00FAF418 /* Body User Direction */,
				F782FA51230D033000E4C1B4 /* Practice */,
			);
			path = Practice;
			sourceTree = "<group>";
		};
		2DED98DD230D1FF600FAF418 /* Model */ = {
			isa = PBXGroup;
			children = (
				F782FA50230D033000E4C1B4 /* model_cpm.mlmodel */,
				F782FA4F230D033000E4C1B4 /* model_hourglass.mlmodel */,
			);
			path = Model;
			sourceTree = "<group>";
		};
		2DED98DE230D201600FAF418 /* Support Files */ = {
			isa = PBXGroup;
			children = (
				F782FA4E230D033000E4C1B4 /* Measure.swift */,
				F782FA5C230D033B00E4C1B4 /* VideoCapture.swift */,
				F782FA3E230D031400E4C1B4 /* Common */,
				F782FA47230D032500E4C1B4 /* Heatmap View Controller */,
				F782FA53230D033000E4C1B4 /* Joint View Controller */,
				F782FA5F230D033C00E4C1B4 /* Still Image Heatmap View Controller */,
			);
			path = "Support Files";
			sourceTree = "<group>";
		};
		2DED98DF230D206900FAF418 /* Start Practice */ = {
			isa = PBXGroup;
			children = (
				F782FA4A230D032500E4C1B4 /* HomeViewController.swift */,
			);
			path = "Start Practice";
			sourceTree = "<group>";
		};
		2DED98E0230D20BB00FAF418 /* Target Distance */ = {
			isa = PBXGroup;
			children = (
				F782FA5E230D033C00E4C1B4 /* SetDistanceViewController.swift */,
			);
			path = "Target Distance";
			sourceTree = "<group>";
		};
		2DED98E1230D20CA00FAF418 /* Body User Direction */ = {
			isa = PBXGroup;
			children = (
				F782FA5D230D033B00E4C1B4 /* TipsViewController.swift */,
			);
			path = "Body User Direction";
			sourceTree = "<group>";
		};
		2DED98E2230D213C00FAF418 /* Library */ = {
			isa = PBXGroup;
			children = (
				2DED98E6230D218400FAF418 /* Albums */,
				2DED98E5230D217B00FAF418 /* Preview */,
				2DED98E4230D217600FAF418 /* Videos */,
				2DED98E3230D216C00FAF418 /* Full Screen */,
			);
			path = Library;
			sourceTree = "<group>";
		};
		2DED98E3230D216C00FAF418 /* Full Screen */ = {
			isa = PBXGroup;
			children = (
			);
			path = "Full Screen";
			sourceTree = "<group>";
		};
		2DED98E4230D217600FAF418 /* Videos */ = {
			isa = PBXGroup;
			children = (
			);
			path = Videos;
			sourceTree = "<group>";
		};
		2DED98E5230D217B00FAF418 /* Preview */ = {
			isa = PBXGroup;
			children = (
			);
			path = Preview;
			sourceTree = "<group>";
		};
		2DED98E6230D218400FAF418 /* Albums */ = {
			isa = PBXGroup;
			children = (
			);
			path = Albums;
			sourceTree = "<group>";
		};
		F782FA14230D025900E4C1B4 = {
			isa = PBXGroup;
			children = (
				F782FA1F230D025900E4C1B4 /* archy */,
				F782FA1E230D025900E4C1B4 /* Products */,
			);
			sourceTree = "<group>";
		};
		F782FA1E230D025900E4C1B4 /* Products */ = {
			isa = PBXGroup;
			children = (
				F782FA1D230D025900E4C1B4 /* archy.app */,
			);
			name = Products;
			sourceTree = "<group>";
		};
		F782FA1F230D025900E4C1B4 /* archy */ = {
			isa = PBXGroup;
			children = (
				F782FA2F230D025A00E4C1B4 /* Info.plist */,
				F782FA3A230D030600E4C1B4 /* LaunchScreen.storyboard */,
				F782FA3B230D030600E4C1B4 /* Main.storyboard */,
				F782FA38230D02D200E4C1B4 /* AppDelegate.swift */,
				F782FA35230D02B100E4C1B4 /* Assets.xcassets */,
				F782FA27230D025900E4C1B4 /* archeryTracking.xcdatamodeld */,
				2DED98DC230D1EE200FAF418 /* Practice */,
				2DED98E2230D213C00FAF418 /* Library */,
			);
			path = archy;
			sourceTree = "<group>";
		};
		F782FA3E230D031400E4C1B4 /* Common */ = {
			isa = PBXGroup;
			children = (
				F782FA3F230D031400E4C1B4 /* UIImage+CVPixelBuffer.swift */,
				F782FA40230D031400E4C1B4 /* PredictedPoint.swift */,
				F782FA41230D031400E4C1B4 /* MovingAverageFilter.swift */,
				F782FA42230D031400E4C1B4 /* HeatmapPostProcessor.swift */,
			);
			path = Common;
			sourceTree = "<group>";
		};
		F782FA47230D032500E4C1B4 /* Heatmap View Controller */ = {
			isa = PBXGroup;
			children = (
				F782FA48230D032500E4C1B4 /* DrawingHeatmapView.swift */,
				F782FA49230D032500E4C1B4 /* HeatmapViewController.swift */,
			);
			path = "Heatmap View Controller";
			sourceTree = "<group>";
		};
		F782FA51230D033000E4C1B4 /* Practice */ = {
			isa = PBXGroup;
			children = (
				F782FA52230D033000E4C1B4 /* PoseMatchingViewController.swift */,
			);
			path = Practice;
			sourceTree = "<group>";
		};
		F782FA53230D033000E4C1B4 /* Joint View Controller */ = {
			isa = PBXGroup;
			children = (
				F782FA54230D033000E4C1B4 /* DrawingJointView.swift */,
				F782FA55230D033000E4C1B4 /* JointViewController.swift */,
			);
			path = "Joint View Controller";
			sourceTree = "<group>";
		};
		F782FA5F230D033C00E4C1B4 /* Still Image Heatmap View Controller */ = {
			isa = PBXGroup;
			children = (
				F782FA60230D033C00E4C1B4 /* StillImageHeatmapViewController.swift */,
			);
			path = "Still Image Heatmap View Controller";
			sourceTree = "<group>";
		};
/* End PBXGroup section */

/* Begin PBXNativeTarget section */
		F782FA1C230D025900E4C1B4 /* archy */ = {
			isa = PBXNativeTarget;
			buildConfigurationList = F782FA32230D025A00E4C1B4 /* Build configuration list for PBXNativeTarget "archy" */;
			buildPhases = (
				F782FA19230D025900E4C1B4 /* Sources */,
				F782FA1A230D025900E4C1B4 /* Frameworks */,
				F782FA1B230D025900E4C1B4 /* Resources */,
			);
			buildRules = (
			);
			dependencies = (
			);
			name = archy;
			productName = archeryTracking;
			productReference = F782FA1D230D025900E4C1B4 /* archy.app */;
			productType = "com.apple.product-type.application";
		};
/* End PBXNativeTarget section */

/* Begin PBXProject section */
		F782FA15230D025900E4C1B4 /* Project object */ = {
			isa = PBXProject;
			attributes = {
				LastSwiftUpdateCheck = 1030;
				LastUpgradeCheck = 1030;
				ORGANIZATIONNAME = "Eibiel Sardjanto";
				TargetAttributes = {
					F782FA1C230D025900E4C1B4 = {
						CreatedOnToolsVersion = 10.3;
						LastSwiftMigration = 1030;
					};
				};
			};
			buildConfigurationList = F782FA18230D025900E4C1B4 /* Build configuration list for PBXProject "archy" */;
			compatibilityVersion = "Xcode 9.3";
			developmentRegion = en;
			hasScannedForEncodings = 0;
			knownRegions = (
				en,
				Base,
			);
			mainGroup = F782FA14230D025900E4C1B4;
			productRefGroup = F782FA1E230D025900E4C1B4 /* Products */;
			projectDirPath = "";
			projectRoot = "";
			targets = (
				F782FA1C230D025900E4C1B4 /* archy */,
			);
		};
/* End PBXProject section */

/* Begin PBXResourcesBuildPhase section */
		F782FA1B230D025900E4C1B4 /* Resources */ = {
			isa = PBXResourcesBuildPhase;
			buildActionMask = 2147483647;
			files = (
				F782FA3D230D030600E4C1B4 /* Main.storyboard in Resources */,
				F782FA36230D02B100E4C1B4 /* Assets.xcassets in Resources */,
				F782FA3C230D030600E4C1B4 /* LaunchScreen.storyboard in Resources */,
			);
			runOnlyForDeploymentPostprocessing = 0;
		};
/* End PBXResourcesBuildPhase section */

/* Begin PBXSourcesBuildPhase section */
		F782FA19230D025900E4C1B4 /* Sources */ = {
			isa = PBXSourcesBuildPhase;
			buildActionMask = 2147483647;
			files = (
				F782FA39230D02D200E4C1B4 /* AppDelegate.swift in Sources */,
				F782FA5B230D033000E4C1B4 /* JointViewController.swift in Sources */,
				F782FA44230D031400E4C1B4 /* PredictedPoint.swift in Sources */,
				F782FA59230D033000E4C1B4 /* PoseMatchingViewController.swift in Sources */,
				F782FA57230D033000E4C1B4 /* model_hourglass.mlmodel in Sources */,
				F782FA62230D033C00E4C1B4 /* TipsViewController.swift in Sources */,
				F782FA56230D033000E4C1B4 /* Measure.swift in Sources */,
				F782FA45230D031400E4C1B4 /* MovingAverageFilter.swift in Sources */,
				F782FA4B230D032500E4C1B4 /* DrawingHeatmapView.swift in Sources */,
				F782FA61230D033C00E4C1B4 /* VideoCapture.swift in Sources */,
				F782FA46230D031400E4C1B4 /* HeatmapPostProcessor.swift in Sources */,
				F782FA4D230D032500E4C1B4 /* HomeViewController.swift in Sources */,
				F782FA4C230D032500E4C1B4 /* HeatmapViewController.swift in Sources */,
				F782FA5A230D033000E4C1B4 /* DrawingJointView.swift in Sources */,
				F782FA63230D033C00E4C1B4 /* SetDistanceViewController.swift in Sources */,
				F782FA58230D033000E4C1B4 /* model_cpm.mlmodel in Sources */,
				F782FA43230D031400E4C1B4 /* UIImage+CVPixelBuffer.swift in Sources */,
				F782FA64230D033C00E4C1B4 /* StillImageHeatmapViewController.swift in Sources */,
				F782FA29230D025900E4C1B4 /* archeryTracking.xcdatamodeld in Sources */,
			);
			runOnlyForDeploymentPostprocessing = 0;
		};
/* End PBXSourcesBuildPhase section */

/* Begin XCBuildConfiguration section */
		F782FA30230D025A00E4C1B4 /* Debug */ = {
			isa = XCBuildConfiguration;
			buildSettings = {
				ALWAYS_SEARCH_USER_PATHS = NO;
				CLANG_ANALYZER_NONNULL = YES;
				CLANG_ANALYZER_NUMBER_OBJECT_CONVERSION = YES_AGGRESSIVE;
				CLANG_CXX_LANGUAGE_STANDARD = "gnu++14";
				CLANG_CXX_LIBRARY = "libc++";
				CLANG_ENABLE_MODULES = YES;
				CLANG_ENABLE_OBJC_ARC = YES;
				CLANG_ENABLE_OBJC_WEAK = YES;
				CLANG_WARN_BLOCK_CAPTURE_AUTORELEASING = YES;
				CLANG_WARN_BOOL_CONVERSION = YES;
				CLANG_WARN_COMMA = YES;
				CLANG_WARN_CONSTANT_CONVERSION = YES;
				CLANG_WARN_DEPRECATED_OBJC_IMPLEMENTATIONS = YES;
				CLANG_WARN_DIRECT_OBJC_ISA_USAGE = YES_ERROR;
				CLANG_WARN_DOCUMENTATION_COMMENTS = YES;
				CLANG_WARN_EMPTY_BODY = YES;
				CLANG_WARN_ENUM_CONVERSION = YES;
				CLANG_WARN_INFINITE_RECURSION = YES;
				CLANG_WARN_INT_CONVERSION = YES;
				CLANG_WARN_NON_LITERAL_NULL_CONVERSION = YES;
				CLANG_WARN_OBJC_IMPLICIT_RETAIN_SELF = YES;
				CLANG_WARN_OBJC_LITERAL_CONVERSION = YES;
				CLANG_WARN_OBJC_ROOT_CLASS = YES_ERROR;
				CLANG_WARN_RANGE_LOOP_ANALYSIS = YES;
				CLANG_WARN_STRICT_PROTOTYPES = YES;
				CLANG_WARN_SUSPICIOUS_MOVE = YES;
				CLANG_WARN_UNGUARDED_AVAILABILITY = YES_AGGRESSIVE;
				CLANG_WARN_UNREACHABLE_CODE = YES;
				CLANG_WARN__DUPLICATE_METHOD_MATCH = YES;
				CODE_SIGN_IDENTITY = "iPhone Developer";
				COPY_PHASE_STRIP = NO;
				DEBUG_INFORMATION_FORMAT = dwarf;
				ENABLE_STRICT_OBJC_MSGSEND = YES;
				ENABLE_TESTABILITY = YES;
				GCC_C_LANGUAGE_STANDARD = gnu11;
				GCC_DYNAMIC_NO_PIC = NO;
				GCC_NO_COMMON_BLOCKS = YES;
				GCC_OPTIMIZATION_LEVEL = 0;
				GCC_PREPROCESSOR_DEFINITIONS = (
					"DEBUG=1",
					"$(inherited)",
				);
				GCC_WARN_64_TO_32_BIT_CONVERSION = YES;
				GCC_WARN_ABOUT_RETURN_TYPE = YES_ERROR;
				GCC_WARN_UNDECLARED_SELECTOR = YES;
				GCC_WARN_UNINITIALIZED_AUTOS = YES_AGGRESSIVE;
				GCC_WARN_UNUSED_FUNCTION = YES;
				GCC_WARN_UNUSED_VARIABLE = YES;
				IPHONEOS_DEPLOYMENT_TARGET = 12.4;
				MTL_ENABLE_DEBUG_INFO = INCLUDE_SOURCE;
				MTL_FAST_MATH = YES;
				ONLY_ACTIVE_ARCH = YES;
				SDKROOT = iphoneos;
				SWIFT_ACTIVE_COMPILATION_CONDITIONS = DEBUG;
				SWIFT_OPTIMIZATION_LEVEL = "-Onone";
			};
			name = Debug;
		};
		F782FA31230D025A00E4C1B4 /* Release */ = {
			isa = XCBuildConfiguration;
			buildSettings = {
				ALWAYS_SEARCH_USER_PATHS = NO;
				CLANG_ANALYZER_NONNULL = YES;
				CLANG_ANALYZER_NUMBER_OBJECT_CONVERSION = YES_AGGRESSIVE;
				CLANG_CXX_LANGUAGE_STANDARD = "gnu++14";
				CLANG_CXX_LIBRARY = "libc++";
				CLANG_ENABLE_MODULES = YES;
				CLANG_ENABLE_OBJC_ARC = YES;
				CLANG_ENABLE_OBJC_WEAK = YES;
				CLANG_WARN_BLOCK_CAPTURE_AUTORELEASING = YES;
				CLANG_WARN_BOOL_CONVERSION = YES;
				CLANG_WARN_COMMA = YES;
				CLANG_WARN_CONSTANT_CONVERSION = YES;
				CLANG_WARN_DEPRECATED_OBJC_IMPLEMENTATIONS = YES;
				CLANG_WARN_DIRECT_OBJC_ISA_USAGE = YES_ERROR;
				CLANG_WARN_DOCUMENTATION_COMMENTS = YES;
				CLANG_WARN_EMPTY_BODY = YES;
				CLANG_WARN_ENUM_CONVERSION = YES;
				CLANG_WARN_INFINITE_RECURSION = YES;
				CLANG_WARN_INT_CONVERSION = YES;
				CLANG_WARN_NON_LITERAL_NULL_CONVERSION = YES;
				CLANG_WARN_OBJC_IMPLICIT_RETAIN_SELF = YES;
				CLANG_WARN_OBJC_LITERAL_CONVERSION = YES;
				CLANG_WARN_OBJC_ROOT_CLASS = YES_ERROR;
				CLANG_WARN_RANGE_LOOP_ANALYSIS = YES;
				CLANG_WARN_STRICT_PROTOTYPES = YES;
				CLANG_WARN_SUSPICIOUS_MOVE = YES;
				CLANG_WARN_UNGUARDED_AVAILABILITY = YES_AGGRESSIVE;
				CLANG_WARN_UNREACHABLE_CODE = YES;
				CLANG_WARN__DUPLICATE_METHOD_MATCH = YES;
				CODE_SIGN_IDENTITY = "iPhone Developer";
				COPY_PHASE_STRIP = NO;
				DEBUG_INFORMATION_FORMAT = "dwarf-with-dsym";
				ENABLE_NS_ASSERTIONS = NO;
				ENABLE_STRICT_OBJC_MSGSEND = YES;
				GCC_C_LANGUAGE_STANDARD = gnu11;
				GCC_NO_COMMON_BLOCKS = YES;
				GCC_WARN_64_TO_32_BIT_CONVERSION = YES;
				GCC_WARN_ABOUT_RETURN_TYPE = YES_ERROR;
				GCC_WARN_UNDECLARED_SELECTOR = YES;
				GCC_WARN_UNINITIALIZED_AUTOS = YES_AGGRESSIVE;
				GCC_WARN_UNUSED_FUNCTION = YES;
				GCC_WARN_UNUSED_VARIABLE = YES;
				IPHONEOS_DEPLOYMENT_TARGET = 12.4;
				MTL_ENABLE_DEBUG_INFO = NO;
				MTL_FAST_MATH = YES;
				SDKROOT = iphoneos;
				SWIFT_COMPILATION_MODE = wholemodule;
				SWIFT_OPTIMIZATION_LEVEL = "-O";
				VALIDATE_PRODUCT = YES;
			};
			name = Release;
		};
		F782FA33230D025A00E4C1B4 /* Debug */ = {
			isa = XCBuildConfiguration;
			buildSettings = {
				ASSETCATALOG_COMPILER_APPICON_NAME = AppIcon;
				CLANG_ENABLE_MODULES = YES;
				CODE_SIGN_STYLE = Automatic;
				DEVELOPMENT_TEAM = TBKWRDFGJK;
				INFOPLIST_FILE = "$(SRCROOT)/archy/Info.plist";
				LD_RUNPATH_SEARCH_PATHS = (
					"$(inherited)",
					"@executable_path/Frameworks",
				);
				PRODUCT_BUNDLE_IDENTIFIER = racob.archy;
				PRODUCT_NAME = "$(TARGET_NAME)";
				SWIFT_OPTIMIZATION_LEVEL = "-Onone";
				SWIFT_VERSION = 5.0;
				TARGETED_DEVICE_FAMILY = "1,2";
			};
			name = Debug;
		};
		F782FA34230D025A00E4C1B4 /* Release */ = {
			isa = XCBuildConfiguration;
			buildSettings = {
				ASSETCATALOG_COMPILER_APPICON_NAME = AppIcon;
				CLANG_ENABLE_MODULES = YES;
				CODE_SIGN_STYLE = Automatic;
				DEVELOPMENT_TEAM = TBKWRDFGJK;
				INFOPLIST_FILE = "$(SRCROOT)/archy/Info.plist";
				LD_RUNPATH_SEARCH_PATHS = (
					"$(inherited)",
					"@executable_path/Frameworks",
				);
				PRODUCT_BUNDLE_IDENTIFIER = racob.archy;
				PRODUCT_NAME = "$(TARGET_NAME)";
				SWIFT_VERSION = 5.0;
				TARGETED_DEVICE_FAMILY = "1,2";
			};
			name = Release;
		};
/* End XCBuildConfiguration section */

/* Begin XCConfigurationList section */
		F782FA18230D025900E4C1B4 /* Build configuration list for PBXProject "archy" */ = {
			isa = XCConfigurationList;
			buildConfigurations = (
				F782FA30230D025A00E4C1B4 /* Debug */,
				F782FA31230D025A00E4C1B4 /* Release */,
			);
			defaultConfigurationIsVisible = 0;
			defaultConfigurationName = Release;
		};
		F782FA32230D025A00E4C1B4 /* Build configuration list for PBXNativeTarget "archy" */ = {
			isa = XCConfigurationList;
			buildConfigurations = (
				F782FA33230D025A00E4C1B4 /* Debug */,
				F782FA34230D025A00E4C1B4 /* Release */,
			);
			defaultConfigurationIsVisible = 0;
			defaultConfigurationName = Release;
		};
/* End XCConfigurationList section */

/* Begin XCVersionGroup section */
		F782FA27230D025900E4C1B4 /* archeryTracking.xcdatamodeld */ = {
			isa = XCVersionGroup;
			children = (
				F782FA28230D025900E4C1B4 /* archeryTracking.xcdatamodel */,
			);
			currentVersion = F782FA28230D025900E4C1B4 /* archeryTracking.xcdatamodel */;
			path = archeryTracking.xcdatamodeld;
			sourceTree = "<group>";
			versionGroupType = wrapper.xcdatamodel;
		};
/* End XCVersionGroup section */
	};
	rootObject = F782FA15230D025900E4C1B4 /* Project object */;
}
